
Microsoft Visual Studio Solution File, Format Version 12.00
Project("{FAE04EC0-301F-11D3-BF4B-00C04F79EFBC}") = "Lab1", "Lab1\Lab1.csproj", "{B16F720C-41B8-4BD4-A38A-004389645444}"
EndProject
Global
	GlobalSection(SolutionConfigurationPlatforms) = preSolution
		Debug|Any CPU = Debug|Any CPU
		Release|Any CPU = Release|Any CPU
	EndGlobalSection
	GlobalSection(ProjectConfigurationPlatforms) = postSolution
		{B16F720C-41B8-4BD4-A38A-004389645444}.Debug|Any CPU.ActiveCfg = Debug|Any CPU
		{B16F720C-41B8-4BD4-A38A-004389645444}.Debug|Any CPU.Build.0 = Debug|Any CPU
		{B16F720C-41B8-4BD4-A38A-004389645444}.Release|Any CPU.ActiveCfg = Release|Any CPU
		{B16F720C-41B8-4BD4-A38A-004389645444}.Release|Any CPU.Build.0 = Release|Any CPU
	EndGlobalSection
EndGlobal
