
Microsoft Visual Studio Solution File, Format Version 12.00
# Visual Studio Version 17
VisualStudioVersion = 17.0.31903.59
MinimumVisualStudioVersion = 10.0.40219.1
Project("{FAE04EC0-301F-11D3-BF4B-00C04F79EFBC}") = "Lab1.App", "Lab1.App\Lab1.App.csproj", "{3B4E8967-5874-4E3E-AA34-FF3954EB5B2B}"
EndProject
Project("{FAE04EC0-301F-11D3-BF4B-00C04F79EFBC}") = "Uzduotis2", "Uzduotis2\Uzduotis2.csproj", "{82F8E488-7319-4198-9670-2047C83071CC}"
EndProject
Global
	GlobalSection(SolutionConfigurationPlatforms) = preSolution
		Debug|Any CPU = Debug|Any CPU
		Debug|x64 = Debug|x64
		Debug|x86 = Debug|x86
		Release|Any CPU = Release|Any CPU
		Release|x64 = Release|x64
		Release|x86 = Release|x86
	EndGlobalSection
	GlobalSection(ProjectConfigurationPlatforms) = postSolution
		{3B4E8967-5874-4E3E-AA34-FF3954EB5B2B}.Debug|Any CPU.ActiveCfg = Debug|Any CPU
		{3B4E8967-5874-4E3E-AA34-FF3954EB5B2B}.Debug|Any CPU.Build.0 = Debug|Any CPU
		{3B4E8967-5874-4E3E-AA34-FF3954EB5B2B}.Debug|x64.ActiveCfg = Debug|Any CPU
		{3B4E8967-5874-4E3E-AA34-FF3954EB5B2B}.Debug|x64.Build.0 = Debug|Any CPU
		{3B4E8967-5874-4E3E-AA34-FF3954EB5B2B}.Debug|x86.ActiveCfg = Debug|Any CPU
		{3B4E8967-5874-4E3E-AA34-FF3954EB5B2B}.Debug|x86.Build.0 = Debug|Any CPU
		{3B4E8967-5874-4E3E-AA34-FF3954EB5B2B}.Release|Any CPU.ActiveCfg = Release|Any CPU
		{3B4E8967-5874-4E3E-AA34-FF3954EB5B2B}.Release|Any CPU.Build.0 = Release|Any CPU
		{3B4E8967-5874-4E3E-AA34-FF3954EB5B2B}.Release|x64.ActiveCfg = Release|Any CPU
		{3B4E8967-5874-4E3E-AA34-FF3954EB5B2B}.Release|x64.Build.0 = Release|Any CPU
		{3B4E8967-5874-4E3E-AA34-FF3954EB5B2B}.Release|x86.ActiveCfg = Release|Any CPU
		{3B4E8967-5874-4E3E-AA34-FF3954EB5B2B}.Release|x86.Build.0 = Release|Any CPU
		{82F8E488-7319-4198-9670-2047C83071CC}.Debug|Any CPU.ActiveCfg = Debug|Any CPU
		{82F8E488-7319-4198-9670-2047C83071CC}.Debug|Any CPU.Build.0 = Debug|Any CPU
		{82F8E488-7319-4198-9670-2047C83071CC}.Debug|x64.ActiveCfg = Debug|Any CPU
		{82F8E488-7319-4198-9670-2047C83071CC}.Debug|x64.Build.0 = Debug|Any CPU
		{82F8E488-7319-4198-9670-2047C83071CC}.Debug|x86.ActiveCfg = Debug|Any CPU
		{82F8E488-7319-4198-9670-2047C83071CC}.Debug|x86.Build.0 = Debug|Any CPU
		{82F8E488-7319-4198-9670-2047C83071CC}.Release|Any CPU.ActiveCfg = Release|Any CPU
		{82F8E488-7319-4198-9670-2047C83071CC}.Release|Any CPU.Build.0 = Release|Any CPU
		{82F8E488-7319-4198-9670-2047C83071CC}.Release|x64.ActiveCfg = Release|Any CPU
		{82F8E488-7319-4198-9670-2047C83071CC}.Release|x64.Build.0 = Release|Any CPU
		{82F8E488-7319-4198-9670-2047C83071CC}.Release|x86.ActiveCfg = Release|Any CPU
		{82F8E488-7319-4198-9670-2047C83071CC}.Release|x86.Build.0 = Release|Any CPU
	EndGlobalSection
	GlobalSection(SolutionProperties) = preSolution
		HideSolutionNode = FALSE
	EndGlobalSection
EndGlobal
