
Microsoft Visual Studio Solution File, Format Version 12.00
# Visual Studio Version 17
VisualStudioVersion = 17.14.36623.8 d17.14
MinimumVisualStudioVersion = 10.0.40219.1
Project("{FAE04EC0-301F-11D3-BF4B-00C04F79EFBC}") = "Lab2", "Lab2\Lab2.csproj", "{3B074683-FB81-4125-81AB-984BD5734603}"
EndProject
Global
	GlobalSection(SolutionConfigurationPlatforms) = preSolution
		Debug|Any CPU = Debug|Any CPU
		Release|Any CPU = Release|Any CPU
	EndGlobalSection
	GlobalSection(ProjectConfigurationPlatforms) = postSolution
		{3B074683-FB81-4125-81AB-984BD5734603}.Debug|Any CPU.ActiveCfg = Debug|Any CPU
		{3B074683-FB81-4125-81AB-984BD5734603}.Debug|Any CPU.Build.0 = Debug|Any CPU
		{3B074683-FB81-4125-81AB-984BD5734603}.Release|Any CPU.ActiveCfg = Release|Any CPU
		{3B074683-FB81-4125-81AB-984BD5734603}.Release|Any CPU.Build.0 = Release|Any CPU
	EndGlobalSection
	GlobalSection(SolutionProperties) = preSolution
		HideSolutionNode = FALSE
	EndGlobalSection
	GlobalSection(ExtensibilityGlobals) = postSolution
		SolutionGuid = {6905CCC4-E863-45A7-9F98-6E7CE4C14E08}
	EndGlobalSection
EndGlobal
